// !$*UTF8*$!
{
	archiveVersion = 1;
	classes = {
	};
	objectVersion = 56;
	objects = {

/* Begin PBXBuildFile section */
		D62C04492B8770B200F4B8AA /* LocationsListView.swift in Sources */ = {isa = PBXBuildFile; fileRef = D62C04482B8770B200F4B8AA /* LocationsListView.swift */; };
		D62C044B2B877AF900F4B8AA /* Localizable.xcstrings in Resources */ = {isa = PBXBuildFile; fileRef = D62C044A2B877AF900F4B8AA /* Localizable.xcstrings */; };
		D62C04532B87941D00F4B8AA /* ABNLocationPickerTests.swift in Sources */ = {isa = PBXBuildFile; fileRef = D62C04522B87941D00F4B8AA /* ABNLocationPickerTests.swift */; };
		D62C045A2B87943D00F4B8AA /* LocationServiceTests.swift in Sources */ = {isa = PBXBuildFile; fileRef = D62C04592B87943D00F4B8AA /* LocationServiceTests.swift */; };
		D62C045C2B87944D00F4B8AA /* LocationsViewModelTests.swift in Sources */ = {isa = PBXBuildFile; fileRef = D62C045B2B87944D00F4B8AA /* LocationsViewModelTests.swift */; };
		D62C045F2B8794B400F4B8AA /* MockLocationService.swift in Sources */ = {isa = PBXBuildFile; fileRef = D62C045E2B8794B400F4B8AA /* MockLocationService.swift */; };
		D62C04622B879B8C00F4B8AA /* Double+Extension.swift in Sources */ = {isa = PBXBuildFile; fileRef = D62C04612B879B8C00F4B8AA /* Double+Extension.swift */; };
		D62C04642B879E2100F4B8AA /* MockAppChecker.swift in Sources */ = {isa = PBXBuildFile; fileRef = D62C04632B879E2100F4B8AA /* MockAppChecker.swift */; };
		D62C04662B87A2BA00F4B8AA /* String+Extension.swift in Sources */ = {isa = PBXBuildFile; fileRef = D62C04652B87A2BA00F4B8AA /* String+Extension.swift */; };
		D62C04682B87A2D900F4B8AA /* CLLocationCoordinate2D+Extension.swift in Sources */ = {isa = PBXBuildFile; fileRef = D62C04672B87A2D900F4B8AA /* CLLocationCoordinate2D+Extension.swift */; };
		D62C046B2B87B4AE00F4B8AA /* Constants.swift in Sources */ = {isa = PBXBuildFile; fileRef = D62C046A2B87B4AE00F4B8AA /* Constants.swift */; };
		D62C046D2B87B58900F4B8AA /* Logger.swift in Sources */ = {isa = PBXBuildFile; fileRef = D62C046C2B87B58900F4B8AA /* Logger.swift */; };
		D62C046F2B87B9D500F4B8AA /* MockLocationManager.swift in Sources */ = {isa = PBXBuildFile; fileRef = D62C046E2B87B9D500F4B8AA /* MockLocationManager.swift */; };
		D62C04722B87CFA600F4B8AA /* LocationsViewModelImpl.swift in Sources */ = {isa = PBXBuildFile; fileRef = D62C04712B87CFA600F4B8AA /* LocationsViewModelImpl.swift */; };
		D62C04752B87D91F00F4B8AA /* LocationCell.swift in Sources */ = {isa = PBXBuildFile; fileRef = D62C04742B87D91F00F4B8AA /* LocationCell.swift */; };
		D68515B42B83D7240048B42A /* ABNLocationPickerApp.swift in Sources */ = {isa = PBXBuildFile; fileRef = D68515B32B83D7240048B42A /* ABNLocationPickerApp.swift */; };
		D68515B62B83D7240048B42A /* ContentView.swift in Sources */ = {isa = PBXBuildFile; fileRef = D68515B52B83D7240048B42A /* ContentView.swift */; };
		D68515B82B83D7250048B42A /* Assets.xcassets in Resources */ = {isa = PBXBuildFile; fileRef = D68515B72B83D7250048B42A /* Assets.xcassets */; };
		D68515BB2B83D7250048B42A /* Preview Assets.xcassets in Resources */ = {isa = PBXBuildFile; fileRef = D68515BA2B83D7250048B42A /* Preview Assets.xcassets */; };
		D68515C22B83D9FF0048B42A /* locations.json in Resources */ = {isa = PBXBuildFile; fileRef = D68515C12B83D9FF0048B42A /* locations.json */; };
		D6E4A31F2B861AF000405212 /* MapView.swift in Sources */ = {isa = PBXBuildFile; fileRef = D6E4A31E2B861AF000405212 /* MapView.swift */; };
		D6E4A3242B866C0200405212 /* Location.swift in Sources */ = {isa = PBXBuildFile; fileRef = D6E4A3232B866C0200405212 /* Location.swift */; };
		D6E4A32A2B8670FE00405212 /* LocationsContainerView.swift in Sources */ = {isa = PBXBuildFile; fileRef = D6E4A3292B8670FE00405212 /* LocationsContainerView.swift */; };
		D6E4A32D2B86720F00405212 /* WikiAppCheckerService.swift in Sources */ = {isa = PBXBuildFile; fileRef = D6E4A32C2B86720F00405212 /* WikiAppCheckerService.swift */; };
		D6E4A3302B86723C00405212 /* NoAppView.swift in Sources */ = {isa = PBXBuildFile; fileRef = D6E4A32F2B86723C00405212 /* NoAppView.swift */; };
		D6E4A3342B867FA000405212 /* LocationsService.swift in Sources */ = {isa = PBXBuildFile; fileRef = D6E4A3332B867FA000405212 /* LocationsService.swift */; };
		D6E4A3372B86805000405212 /* ABNError.swift in Sources */ = {isa = PBXBuildFile; fileRef = D6E4A3362B86805000405212 /* ABNError.swift */; };
		D6E4A3392B8680D700405212 /* LocationsViewModel.swift in Sources */ = {isa = PBXBuildFile; fileRef = D6E4A3382B8680D700405212 /* LocationsViewModel.swift */; };
		D6E4A33B2B86945B00405212 /* WikipediaPlacesLinkBuilder.swift in Sources */ = {isa = PBXBuildFile; fileRef = D6E4A33A2B86945B00405212 /* WikipediaPlacesLinkBuilder.swift */; };
/* End PBXBuildFile section */

/* Begin PBXContainerItemProxy section */
		D62C04542B87941D00F4B8AA /* PBXContainerItemProxy */ = {
			isa = PBXContainerItemProxy;
			containerPortal = D68515A82B83D7240048B42A /* Project object */;
			proxyType = 1;
			remoteGlobalIDString = D68515AF2B83D7240048B42A;
			remoteInfo = ABNLocationPicker;
		};
/* End PBXContainerItemProxy section */

/* Begin PBXFileReference section */
		D62C04482B8770B200F4B8AA /* LocationsListView.swift */ = {isa = PBXFileReference; lastKnownFileType = sourcecode.swift; path = LocationsListView.swift; sourceTree = "<group>"; };
		D62C044A2B877AF900F4B8AA /* Localizable.xcstrings */ = {isa = PBXFileReference; lastKnownFileType = text.json.xcstrings; path = Localizable.xcstrings; sourceTree = "<group>"; };
		D62C04502B87941D00F4B8AA /* ABNLocationPickerTests.xctest */ = {isa = PBXFileReference; explicitFileType = wrapper.cfbundle; includeInIndex = 0; path = ABNLocationPickerTests.xctest; sourceTree = BUILT_PRODUCTS_DIR; };
		D62C04522B87941D00F4B8AA /* ABNLocationPickerTests.swift */ = {isa = PBXFileReference; lastKnownFileType = sourcecode.swift; path = ABNLocationPickerTests.swift; sourceTree = "<group>"; };
		D62C04592B87943D00F4B8AA /* LocationServiceTests.swift */ = {isa = PBXFileReference; lastKnownFileType = sourcecode.swift; path = LocationServiceTests.swift; sourceTree = "<group>"; };
		D62C045B2B87944D00F4B8AA /* LocationsViewModelTests.swift */ = {isa = PBXFileReference; lastKnownFileType = sourcecode.swift; path = LocationsViewModelTests.swift; sourceTree = "<group>"; };
		D62C045E2B8794B400F4B8AA /* MockLocationService.swift */ = {isa = PBXFileReference; lastKnownFileType = sourcecode.swift; path = MockLocationService.swift; sourceTree = "<group>"; };
		D62C04612B879B8C00F4B8AA /* Double+Extension.swift */ = {isa = PBXFileReference; lastKnownFileType = sourcecode.swift; path = "Double+Extension.swift"; sourceTree = "<group>"; };
		D62C04632B879E2100F4B8AA /* MockAppChecker.swift */ = {isa = PBXFileReference; lastKnownFileType = sourcecode.swift; path = MockAppChecker.swift; sourceTree = "<group>"; };
		D62C04652B87A2BA00F4B8AA /* String+Extension.swift */ = {isa = PBXFileReference; lastKnownFileType = sourcecode.swift; path = "String+Extension.swift"; sourceTree = "<group>"; };
		D62C04672B87A2D900F4B8AA /* CLLocationCoordinate2D+Extension.swift */ = {isa = PBXFileReference; lastKnownFileType = sourcecode.swift; path = "CLLocationCoordinate2D+Extension.swift"; sourceTree = "<group>"; };
		D62C04692B87B21600F4B8AA /* Info.plist */ = {isa = PBXFileReference; lastKnownFileType = text.plist; path = Info.plist; sourceTree = "<group>"; };
		D62C046A2B87B4AE00F4B8AA /* Constants.swift */ = {isa = PBXFileReference; lastKnownFileType = sourcecode.swift; path = Constants.swift; sourceTree = "<group>"; };
		D62C046C2B87B58900F4B8AA /* Logger.swift */ = {isa = PBXFileReference; lastKnownFileType = sourcecode.swift; path = Logger.swift; sourceTree = "<group>"; };
		D62C046E2B87B9D500F4B8AA /* MockLocationManager.swift */ = {isa = PBXFileReference; lastKnownFileType = sourcecode.swift; path = MockLocationManager.swift; sourceTree = "<group>"; };
		D62C04712B87CFA600F4B8AA /* LocationsViewModelImpl.swift */ = {isa = PBXFileReference; lastKnownFileType = sourcecode.swift; path = LocationsViewModelImpl.swift; sourceTree = "<group>"; };
		D62C04742B87D91F00F4B8AA /* LocationCell.swift */ = {isa = PBXFileReference; lastKnownFileType = sourcecode.swift; path = LocationCell.swift; sourceTree = "<group>"; };
		D68515B02B83D7240048B42A /* ABNLocationPicker.app */ = {isa = PBXFileReference; explicitFileType = wrapper.application; includeInIndex = 0; path = ABNLocationPicker.app; sourceTree = BUILT_PRODUCTS_DIR; };
		D68515B32B83D7240048B42A /* ABNLocationPickerApp.swift */ = {isa = PBXFileReference; lastKnownFileType = sourcecode.swift; path = ABNLocationPickerApp.swift; sourceTree = "<group>"; };
		D68515B52B83D7240048B42A /* ContentView.swift */ = {isa = PBXFileReference; lastKnownFileType = sourcecode.swift; path = ContentView.swift; sourceTree = "<group>"; };
		D68515B72B83D7250048B42A /* Assets.xcassets */ = {isa = PBXFileReference; lastKnownFileType = folder.assetcatalog; path = Assets.xcassets; sourceTree = "<group>"; };
		D68515BA2B83D7250048B42A /* Preview Assets.xcassets */ = {isa = PBXFileReference; lastKnownFileType = folder.assetcatalog; path = "Preview Assets.xcassets"; sourceTree = "<group>"; };
		D68515C12B83D9FF0048B42A /* locations.json */ = {isa = PBXFileReference; lastKnownFileType = text.json; path = locations.json; sourceTree = "<group>"; };
		D6E4A31E2B861AF000405212 /* MapView.swift */ = {isa = PBXFileReference; lastKnownFileType = sourcecode.swift; path = MapView.swift; sourceTree = "<group>"; };
		D6E4A3232B866C0200405212 /* Location.swift */ = {isa = PBXFileReference; lastKnownFileType = sourcecode.swift; path = Location.swift; sourceTree = "<group>"; };
		D6E4A3292B8670FE00405212 /* LocationsContainerView.swift */ = {isa = PBXFileReference; lastKnownFileType = sourcecode.swift; path = LocationsContainerView.swift; sourceTree = "<group>"; };
		D6E4A32C2B86720F00405212 /* WikiAppCheckerService.swift */ = {isa = PBXFileReference; lastKnownFileType = sourcecode.swift; path = WikiAppCheckerService.swift; sourceTree = "<group>"; };
		D6E4A32F2B86723C00405212 /* NoAppView.swift */ = {isa = PBXFileReference; lastKnownFileType = sourcecode.swift; path = NoAppView.swift; sourceTree = "<group>"; };
		D6E4A3332B867FA000405212 /* LocationsService.swift */ = {isa = PBXFileReference; lastKnownFileType = sourcecode.swift; path = LocationsService.swift; sourceTree = "<group>"; };
		D6E4A3362B86805000405212 /* ABNError.swift */ = {isa = PBXFileReference; lastKnownFileType = sourcecode.swift; path = ABNError.swift; sourceTree = "<group>"; };
		D6E4A3382B8680D700405212 /* LocationsViewModel.swift */ = {isa = PBXFileReference; lastKnownFileType = sourcecode.swift; path = LocationsViewModel.swift; sourceTree = "<group>"; };
		D6E4A33A2B86945B00405212 /* WikipediaPlacesLinkBuilder.swift */ = {isa = PBXFileReference; lastKnownFileType = sourcecode.swift; path = WikipediaPlacesLinkBuilder.swift; sourceTree = "<group>"; };
/* End PBXFileReference section */

/* Begin PBXFrameworksBuildPhase section */
		D62C044D2B87941D00F4B8AA /* Frameworks */ = {
			isa = PBXFrameworksBuildPhase;
			buildActionMask = 2147483647;
			files = (
			);
			runOnlyForDeploymentPostprocessing = 0;
		};
		D68515AD2B83D7240048B42A /* Frameworks */ = {
			isa = PBXFrameworksBuildPhase;
			buildActionMask = 2147483647;
			files = (
			);
			runOnlyForDeploymentPostprocessing = 0;
		};
/* End PBXFrameworksBuildPhase section */

/* Begin PBXGroup section */
		D62C04512B87941D00F4B8AA /* ABNLocationPickerTests */ = {
			isa = PBXGroup;
			children = (
				D62C045D2B8794A300F4B8AA /* Mocks */,
				D62C04522B87941D00F4B8AA /* ABNLocationPickerTests.swift */,
				D62C04592B87943D00F4B8AA /* LocationServiceTests.swift */,
				D62C045B2B87944D00F4B8AA /* LocationsViewModelTests.swift */,
			);
			path = ABNLocationPickerTests;
			sourceTree = "<group>";
		};
		D62C045D2B8794A300F4B8AA /* Mocks */ = {
			isa = PBXGroup;
			children = (
				D62C045E2B8794B400F4B8AA /* MockLocationService.swift */,
				D62C04632B879E2100F4B8AA /* MockAppChecker.swift */,
			);
			path = Mocks;
			sourceTree = "<group>";
		};
		D62C04602B879B7A00F4B8AA /* Extension */ = {
			isa = PBXGroup;
			children = (
				D62C04612B879B8C00F4B8AA /* Double+Extension.swift */,
				D62C04652B87A2BA00F4B8AA /* String+Extension.swift */,
				D62C04672B87A2D900F4B8AA /* CLLocationCoordinate2D+Extension.swift */,
			);
			path = Extension;
			sourceTree = "<group>";
		};
		D62C04702B87CF8600F4B8AA /* Screen */ = {
			isa = PBXGroup;
			children = (
				D6E4A3292B8670FE00405212 /* LocationsContainerView.swift */,
				D6E4A3382B8680D700405212 /* LocationsViewModel.swift */,
				D62C04712B87CFA600F4B8AA /* LocationsViewModelImpl.swift */,
			);
			path = Screen;
			sourceTree = "<group>";
		};
		D62C04732B87D8F300F4B8AA /* Views */ = {
			isa = PBXGroup;
			children = (
				D6E4A31E2B861AF000405212 /* MapView.swift */,
				D62C04482B8770B200F4B8AA /* LocationsListView.swift */,
				D62C04742B87D91F00F4B8AA /* LocationCell.swift */,
			);
			path = Views;
			sourceTree = "<group>";
		};
		D62C04762B87F67600F4B8AA /* Application */ = {
			isa = PBXGroup;
			children = (
				D68515B32B83D7240048B42A /* ABNLocationPickerApp.swift */,
				D68515B52B83D7240048B42A /* ContentView.swift */,
			);
			path = Application;
			sourceTree = "<group>";
		};
		D62C04772B87F68300F4B8AA /* Resources */ = {
			isa = PBXGroup;
			children = (
				D62C044A2B877AF900F4B8AA /* Localizable.xcstrings */,
				D68515B72B83D7250048B42A /* Assets.xcassets */,
				D68515C12B83D9FF0048B42A /* locations.json */,
			);
			path = Resources;
			sourceTree = "<group>";
		};
		D68515A72B83D7240048B42A = {
			isa = PBXGroup;
			children = (
				D68515B22B83D7240048B42A /* ABNLocationPicker */,
				D62C04512B87941D00F4B8AA /* ABNLocationPickerTests */,
				D68515B12B83D7240048B42A /* Products */,
			);
			sourceTree = "<group>";
		};
		D68515B12B83D7240048B42A /* Products */ = {
			isa = PBXGroup;
			children = (
				D68515B02B83D7240048B42A /* ABNLocationPicker.app */,
				D62C04502B87941D00F4B8AA /* ABNLocationPickerTests.xctest */,
			);
			name = Products;
			sourceTree = "<group>";
		};
		D68515B22B83D7240048B42A /* ABNLocationPicker */ = {
			isa = PBXGroup;
			children = (
				D62C04692B87B21600F4B8AA /* Info.plist */,
				D62C04772B87F68300F4B8AA /* Resources */,
				D62C04762B87F67600F4B8AA /* Application */,
				D62C04602B879B7A00F4B8AA /* Extension */,
				D6E4A32E2B86723100405212 /* UI */,
				D6E4A32B2B8671ED00405212 /* Core */,
				D6E4A3252B86709E00405212 /* Screens */,
				D6E4A3222B866BF700405212 /* Model */,
				D68515B92B83D7250048B42A /* Preview Content */,
			);
			path = ABNLocationPicker;
			sourceTree = "<group>";
		};
		D68515B92B83D7250048B42A /* Preview Content */ = {
			isa = PBXGroup;
			children = (
				D68515BA2B83D7250048B42A /* Preview Assets.xcassets */,
			);
			path = "Preview Content";
			sourceTree = "<group>";
		};
		D6E4A3222B866BF700405212 /* Model */ = {
			isa = PBXGroup;
			children = (
				D6E4A3232B866C0200405212 /* Location.swift */,
			);
			path = Model;
			sourceTree = "<group>";
		};
		D6E4A3252B86709E00405212 /* Screens */ = {
			isa = PBXGroup;
			children = (
				D6E4A3262B8670AB00405212 /* LocationsList */,
			);
			path = Screens;
			sourceTree = "<group>";
		};
		D6E4A3262B8670AB00405212 /* LocationsList */ = {
			isa = PBXGroup;
			children = (
				D62C04732B87D8F300F4B8AA /* Views */,
				D62C04702B87CF8600F4B8AA /* Screen */,
			);
			path = LocationsList;
			sourceTree = "<group>";
		};
		D6E4A32B2B8671ED00405212 /* Core */ = {
			isa = PBXGroup;
			children = (
				D6E4A32C2B86720F00405212 /* WikiAppCheckerService.swift */,
				D6E4A3332B867FA000405212 /* LocationsService.swift */,
				D6E4A3362B86805000405212 /* ABNError.swift */,
				D6E4A33A2B86945B00405212 /* WikipediaPlacesLinkBuilder.swift */,
				D62C046C2B87B58900F4B8AA /* Logger.swift */,
				D62C046E2B87B9D500F4B8AA /* MockLocationManager.swift */,
			);
			path = Core;
			sourceTree = "<group>";
		};
		D6E4A32E2B86723100405212 /* UI */ = {
			isa = PBXGroup;
			children = (
				D6E4A32F2B86723C00405212 /* NoAppView.swift */,
				D62C046A2B87B4AE00F4B8AA /* Constants.swift */,
			);
			path = UI;
			sourceTree = "<group>";
		};
/* End PBXGroup section */

/* Begin PBXNativeTarget section */
		D62C044F2B87941D00F4B8AA /* ABNLocationPickerTests */ = {
			isa = PBXNativeTarget;
			buildConfigurationList = D62C04562B87941D00F4B8AA /* Build configuration list for PBXNativeTarget "ABNLocationPickerTests" */;
			buildPhases = (
				D62C044C2B87941D00F4B8AA /* Sources */,
				D62C044D2B87941D00F4B8AA /* Frameworks */,
				D62C044E2B87941D00F4B8AA /* Resources */,
			);
			buildRules = (
			);
			dependencies = (
				D62C04552B87941D00F4B8AA /* PBXTargetDependency */,
			);
			name = ABNLocationPickerTests;
			productName = ABNLocationPickerTests;
			productReference = D62C04502B87941D00F4B8AA /* ABNLocationPickerTests.xctest */;
			productType = "com.apple.product-type.bundle.unit-test";
		};
		D68515AF2B83D7240048B42A /* ABNLocationPicker */ = {
			isa = PBXNativeTarget;
			buildConfigurationList = D68515BE2B83D7250048B42A /* Build configuration list for PBXNativeTarget "ABNLocationPicker" */;
			buildPhases = (
				D68515AC2B83D7240048B42A /* Sources */,
				D68515AD2B83D7240048B42A /* Frameworks */,
				D68515AE2B83D7240048B42A /* Resources */,
			);
			buildRules = (
			);
			dependencies = (
			);
			name = ABNLocationPicker;
			productName = ABNLocationPicker;
			productReference = D68515B02B83D7240048B42A /* ABNLocationPicker.app */;
			productType = "com.apple.product-type.application";
		};
/* End PBXNativeTarget section */

/* Begin PBXProject section */
		D68515A82B83D7240048B42A /* Project object */ = {
			isa = PBXProject;
			attributes = {
				BuildIndependentTargetsInParallel = 1;
				LastSwiftUpdateCheck = 1510;
				LastUpgradeCheck = 1510;
				TargetAttributes = {
					D62C044F2B87941D00F4B8AA = {
						CreatedOnToolsVersion = 15.1;
						TestTargetID = D68515AF2B83D7240048B42A;
					};
					D68515AF2B83D7240048B42A = {
						CreatedOnToolsVersion = 15.1;
					};
				};
			};
			buildConfigurationList = D68515AB2B83D7240048B42A /* Build configuration list for PBXProject "ABNLocationPicker" */;
			compatibilityVersion = "Xcode 14.0";
			developmentRegion = en;
			hasScannedForEncodings = 0;
			knownRegions = (
				en,
				Base,
			);
			mainGroup = D68515A72B83D7240048B42A;
			productRefGroup = D68515B12B83D7240048B42A /* Products */;
			projectDirPath = "";
			projectRoot = "";
			targets = (
				D68515AF2B83D7240048B42A /* ABNLocationPicker */,
				D62C044F2B87941D00F4B8AA /* ABNLocationPickerTests */,
			);
		};
/* End PBXProject section */

/* Begin PBXResourcesBuildPhase section */
		D62C044E2B87941D00F4B8AA /* Resources */ = {
			isa = PBXResourcesBuildPhase;
			buildActionMask = 2147483647;
			files = (
			);
			runOnlyForDeploymentPostprocessing = 0;
		};
		D68515AE2B83D7240048B42A /* Resources */ = {
			isa = PBXResourcesBuildPhase;
			buildActionMask = 2147483647;
			files = (
				D68515BB2B83D7250048B42A /* Preview Assets.xcassets in Resources */,
				D68515C22B83D9FF0048B42A /* locations.json in Resources */,
				D62C044B2B877AF900F4B8AA /* Localizable.xcstrings in Resources */,
				D68515B82B83D7250048B42A /* Assets.xcassets in Resources */,
			);
			runOnlyForDeploymentPostprocessing = 0;
		};
/* End PBXResourcesBuildPhase section */

/* Begin PBXSourcesBuildPhase section */
		D62C044C2B87941D00F4B8AA /* Sources */ = {
			isa = PBXSourcesBuildPhase;
			buildActionMask = 2147483647;
			files = (
				D62C045F2B8794B400F4B8AA /* MockLocationService.swift in Sources */,
				D62C04642B879E2100F4B8AA /* MockAppChecker.swift in Sources */,
				D62C045A2B87943D00F4B8AA /* LocationServiceTests.swift in Sources */,
				D62C045C2B87944D00F4B8AA /* LocationsViewModelTests.swift in Sources */,
				D62C04532B87941D00F4B8AA /* ABNLocationPickerTests.swift in Sources */,
			);
			runOnlyForDeploymentPostprocessing = 0;
		};
		D68515AC2B83D7240048B42A /* Sources */ = {
			isa = PBXSourcesBuildPhase;
			buildActionMask = 2147483647;
			files = (
				D6E4A3342B867FA000405212 /* LocationsService.swift in Sources */,
				D62C04722B87CFA600F4B8AA /* LocationsViewModelImpl.swift in Sources */,
				D6E4A33B2B86945B00405212 /* WikipediaPlacesLinkBuilder.swift in Sources */,
				D62C04682B87A2D900F4B8AA /* CLLocationCoordinate2D+Extension.swift in Sources */,
				D6E4A3372B86805000405212 /* ABNError.swift in Sources */,
				D6E4A32D2B86720F00405212 /* WikiAppCheckerService.swift in Sources */,
				D62C04752B87D91F00F4B8AA /* LocationCell.swift in Sources */,
				D62C04622B879B8C00F4B8AA /* Double+Extension.swift in Sources */,
				D68515B62B83D7240048B42A /* ContentView.swift in Sources */,
				D62C046B2B87B4AE00F4B8AA /* Constants.swift in Sources */,
				D62C046D2B87B58900F4B8AA /* Logger.swift in Sources */,
				D6E4A3302B86723C00405212 /* NoAppView.swift in Sources */,
				D6E4A3242B866C0200405212 /* Location.swift in Sources */,
				D62C04662B87A2BA00F4B8AA /* String+Extension.swift in Sources */,
				D62C04492B8770B200F4B8AA /* LocationsListView.swift in Sources */,
				D6E4A32A2B8670FE00405212 /* LocationsContainerView.swift in Sources */,
				D62C046F2B87B9D500F4B8AA /* MockLocationManager.swift in Sources */,
				D6E4A31F2B861AF000405212 /* MapView.swift in Sources */,
				D68515B42B83D7240048B42A /* ABNLocationPickerApp.swift in Sources */,
				D6E4A3392B8680D700405212 /* LocationsViewModel.swift in Sources */,
			);
			runOnlyForDeploymentPostprocessing = 0;
		};
/* End PBXSourcesBuildPhase section */

/* Begin PBXTargetDependency section */
		D62C04552B87941D00F4B8AA /* PBXTargetDependency */ = {
			isa = PBXTargetDependency;
			target = D68515AF2B83D7240048B42A /* ABNLocationPicker */;
			targetProxy = D62C04542B87941D00F4B8AA /* PBXContainerItemProxy */;
		};
/* End PBXTargetDependency section */

/* Begin XCBuildConfiguration section */
		D62C04572B87941D00F4B8AA /* Debug */ = {
			isa = XCBuildConfiguration;
			buildSettings = {
				BUNDLE_LOADER = "$(TEST_HOST)";
				CODE_SIGN_STYLE = Automatic;
				CURRENT_PROJECT_VERSION = 1;
				GENERATE_INFOPLIST_FILE = YES;
				MARKETING_VERSION = 1.0;
				PRODUCT_BUNDLE_IDENTIFIER = com.ivedeneev.ABNLocationPickerTests;
				PRODUCT_NAME = "$(TARGET_NAME)";
				SWIFT_EMIT_LOC_STRINGS = NO;
				SWIFT_VERSION = 5.0;
				TARGETED_DEVICE_FAMILY = "1,2";
				TEST_HOST = "$(BUILT_PRODUCTS_DIR)/ABNLocationPicker.app/$(BUNDLE_EXECUTABLE_FOLDER_PATH)/ABNLocationPicker";
			};
			name = Debug;
		};
		D62C04582B87941D00F4B8AA /* Release */ = {
			isa = XCBuildConfiguration;
			buildSettings = {
				BUNDLE_LOADER = "$(TEST_HOST)";
				CODE_SIGN_STYLE = Automatic;
				CURRENT_PROJECT_VERSION = 1;
				GENERATE_INFOPLIST_FILE = YES;
				MARKETING_VERSION = 1.0;
				PRODUCT_BUNDLE_IDENTIFIER = com.ivedeneev.ABNLocationPickerTests;
				PRODUCT_NAME = "$(TARGET_NAME)";
				SWIFT_EMIT_LOC_STRINGS = NO;
				SWIFT_VERSION = 5.0;
				TARGETED_DEVICE_FAMILY = "1,2";
				TEST_HOST = "$(BUILT_PRODUCTS_DIR)/ABNLocationPicker.app/$(BUNDLE_EXECUTABLE_FOLDER_PATH)/ABNLocationPicker";
			};
			name = Release;
		};
		D68515BC2B83D7250048B42A /* Debug */ = {
			isa = XCBuildConfiguration;
			buildSettings = {
				ALWAYS_SEARCH_USER_PATHS = NO;
				ASSETCATALOG_COMPILER_GENERATE_SWIFT_ASSET_SYMBOL_EXTENSIONS = YES;
				CLANG_ANALYZER_NONNULL = YES;
				CLANG_ANALYZER_NUMBER_OBJECT_CONVERSION = YES_AGGRESSIVE;
				CLANG_CXX_LANGUAGE_STANDARD = "gnu++20";
				CLANG_ENABLE_MODULES = YES;
				CLANG_ENABLE_OBJC_ARC = YES;
				CLANG_ENABLE_OBJC_WEAK = YES;
				CLANG_WARN_BLOCK_CAPTURE_AUTORELEASING = YES;
				CLANG_WARN_BOOL_CONVERSION = YES;
				CLANG_WARN_COMMA = YES;
				CLANG_WARN_CONSTANT_CONVERSION = YES;
				CLANG_WARN_DEPRECATED_OBJC_IMPLEMENTATIONS = YES;
				CLANG_WARN_DIRECT_OBJC_ISA_USAGE = YES_ERROR;
				CLANG_WARN_DOCUMENTATION_COMMENTS = YES;
				CLANG_WARN_EMPTY_BODY = YES;
				CLANG_WARN_ENUM_CONVERSION = YES;
				CLANG_WARN_INFINITE_RECURSION = YES;
				CLANG_WARN_INT_CONVERSION = YES;
				CLANG_WARN_NON_LITERAL_NULL_CONVERSION = YES;
				CLANG_WARN_OBJC_IMPLICIT_RETAIN_SELF = YES;
				CLANG_WARN_OBJC_LITERAL_CONVERSION = YES;
				CLANG_WARN_OBJC_ROOT_CLASS = YES_ERROR;
				CLANG_WARN_QUOTED_INCLUDE_IN_FRAMEWORK_HEADER = YES;
				CLANG_WARN_RANGE_LOOP_ANALYSIS = YES;
				CLANG_WARN_STRICT_PROTOTYPES = YES;
				CLANG_WARN_SUSPICIOUS_MOVE = YES;
				CLANG_WARN_UNGUARDED_AVAILABILITY = YES_AGGRESSIVE;
				CLANG_WARN_UNREACHABLE_CODE = YES;
				CLANG_WARN__DUPLICATE_METHOD_MATCH = YES;
				COPY_PHASE_STRIP = NO;
				DEBUG_INFORMATION_FORMAT = dwarf;
				ENABLE_STRICT_OBJC_MSGSEND = YES;
				ENABLE_TESTABILITY = YES;
				ENABLE_USER_SCRIPT_SANDBOXING = YES;
				GCC_C_LANGUAGE_STANDARD = gnu17;
				GCC_DYNAMIC_NO_PIC = NO;
				GCC_NO_COMMON_BLOCKS = YES;
				GCC_OPTIMIZATION_LEVEL = 0;
				GCC_PREPROCESSOR_DEFINITIONS = (
					"DEBUG=1",
					"$(inherited)",
				);
				GCC_WARN_64_TO_32_BIT_CONVERSION = YES;
				GCC_WARN_ABOUT_RETURN_TYPE = YES_ERROR;
				GCC_WARN_UNDECLARED_SELECTOR = YES;
				GCC_WARN_UNINITIALIZED_AUTOS = YES_AGGRESSIVE;
				GCC_WARN_UNUSED_FUNCTION = YES;
				GCC_WARN_UNUSED_VARIABLE = YES;
				IPHONEOS_DEPLOYMENT_TARGET = 17.2;
				LOCALIZATION_PREFERS_STRING_CATALOGS = YES;
				MTL_ENABLE_DEBUG_INFO = INCLUDE_SOURCE;
				MTL_FAST_MATH = YES;
				ONLY_ACTIVE_ARCH = YES;
				SDKROOT = iphoneos;
				SWIFT_ACTIVE_COMPILATION_CONDITIONS = "DEBUG $(inherited)";
				SWIFT_OPTIMIZATION_LEVEL = "-Onone";
			};
			name = Debug;
		};
		D68515BD2B83D7250048B42A /* Release */ = {
			isa = XCBuildConfiguration;
			buildSettings = {
				ALWAYS_SEARCH_USER_PATHS = NO;
				ASSETCATALOG_COMPILER_GENERATE_SWIFT_ASSET_SYMBOL_EXTENSIONS = YES;
				CLANG_ANALYZER_NONNULL = YES;
				CLANG_ANALYZER_NUMBER_OBJECT_CONVERSION = YES_AGGRESSIVE;
				CLANG_CXX_LANGUAGE_STANDARD = "gnu++20";
				CLANG_ENABLE_MODULES = YES;
				CLANG_ENABLE_OBJC_ARC = YES;
				CLANG_ENABLE_OBJC_WEAK = YES;
				CLANG_WARN_BLOCK_CAPTURE_AUTORELEASING = YES;
				CLANG_WARN_BOOL_CONVERSION = YES;
				CLANG_WARN_COMMA = YES;
				CLANG_WARN_CONSTANT_CONVERSION = YES;
				CLANG_WARN_DEPRECATED_OBJC_IMPLEMENTATIONS = YES;
				CLANG_WARN_DIRECT_OBJC_ISA_USAGE = YES_ERROR;
				CLANG_WARN_DOCUMENTATION_COMMENTS = YES;
				CLANG_WARN_EMPTY_BODY = YES;
				CLANG_WARN_ENUM_CONVERSION = YES;
				CLANG_WARN_INFINITE_RECURSION = YES;
				CLANG_WARN_INT_CONVERSION = YES;
				CLANG_WARN_NON_LITERAL_NULL_CONVERSION = YES;
				CLANG_WARN_OBJC_IMPLICIT_RETAIN_SELF = YES;
				CLANG_WARN_OBJC_LITERAL_CONVERSION = YES;
				CLANG_WARN_OBJC_ROOT_CLASS = YES_ERROR;
				CLANG_WARN_QUOTED_INCLUDE_IN_FRAMEWORK_HEADER = YES;
				CLANG_WARN_RANGE_LOOP_ANALYSIS = YES;
				CLANG_WARN_STRICT_PROTOTYPES = YES;
				CLANG_WARN_SUSPICIOUS_MOVE = YES;
				CLANG_WARN_UNGUARDED_AVAILABILITY = YES_AGGRESSIVE;
				CLANG_WARN_UNREACHABLE_CODE = YES;
				CLANG_WARN__DUPLICATE_METHOD_MATCH = YES;
				COPY_PHASE_STRIP = NO;
				DEBUG_INFORMATION_FORMAT = "dwarf-with-dsym";
				ENABLE_NS_ASSERTIONS = NO;
				ENABLE_STRICT_OBJC_MSGSEND = YES;
				ENABLE_USER_SCRIPT_SANDBOXING = YES;
				GCC_C_LANGUAGE_STANDARD = gnu17;
				GCC_NO_COMMON_BLOCKS = YES;
				GCC_WARN_64_TO_32_BIT_CONVERSION = YES;
				GCC_WARN_ABOUT_RETURN_TYPE = YES_ERROR;
				GCC_WARN_UNDECLARED_SELECTOR = YES;
				GCC_WARN_UNINITIALIZED_AUTOS = YES_AGGRESSIVE;
				GCC_WARN_UNUSED_FUNCTION = YES;
				GCC_WARN_UNUSED_VARIABLE = YES;
				IPHONEOS_DEPLOYMENT_TARGET = 17.2;
				LOCALIZATION_PREFERS_STRING_CATALOGS = YES;
				MTL_ENABLE_DEBUG_INFO = NO;
				MTL_FAST_MATH = YES;
				SDKROOT = iphoneos;
				SWIFT_COMPILATION_MODE = wholemodule;
				VALIDATE_PRODUCT = YES;
			};
			name = Release;
		};
		D68515BF2B83D7250048B42A /* Debug */ = {
			isa = XCBuildConfiguration;
			buildSettings = {
				ASSETCATALOG_COMPILER_APPICON_NAME = AppIcon;
				ASSETCATALOG_COMPILER_GLOBAL_ACCENT_COLOR_NAME = AccentColor;
				CODE_SIGN_STYLE = Automatic;
				CURRENT_PROJECT_VERSION = 1;
				DEVELOPMENT_ASSET_PATHS = "\"ABNLocationPicker/Preview Content\"";
				ENABLE_PREVIEWS = YES;
				GENERATE_INFOPLIST_FILE = YES;
				INFOPLIST_FILE = ABNLocationPicker/Info.plist;
				INFOPLIST_KEY_UIApplicationSceneManifest_Generation = YES;
				INFOPLIST_KEY_UIApplicationSupportsIndirectInputEvents = YES;
				INFOPLIST_KEY_UILaunchScreen_Generation = YES;
				INFOPLIST_KEY_UISupportedInterfaceOrientations_iPad = "UIInterfaceOrientationPortrait UIInterfaceOrientationPortraitUpsideDown UIInterfaceOrientationLandscapeLeft UIInterfaceOrientationLandscapeRight";
				INFOPLIST_KEY_UISupportedInterfaceOrientations_iPhone = "UIInterfaceOrientationPortrait UIInterfaceOrientationLandscapeLeft UIInterfaceOrientationLandscapeRight";
				LD_RUNPATH_SEARCH_PATHS = (
					"$(inherited)",
					"@executable_path/Frameworks",
				);
				MARKETING_VERSION = 1.0;
				PRODUCT_BUNDLE_IDENTIFIER = com.ivedeneev.ABNLocationPicker;
				PRODUCT_NAME = "$(TARGET_NAME)";
				SWIFT_EMIT_LOC_STRINGS = YES;
				SWIFT_VERSION = 5.0;
				TARGETED_DEVICE_FAMILY = "1,2";
			};
			name = Debug;
		};
		D68515C02B83D7250048B42A /* Release */ = {
			isa = XCBuildConfiguration;
			buildSettings = {
				ASSETCATALOG_COMPILER_APPICON_NAME = AppIcon;
				ASSETCATALOG_COMPILER_GLOBAL_ACCENT_COLOR_NAME = AccentColor;
				CODE_SIGN_STYLE = Automatic;
				CURRENT_PROJECT_VERSION = 1;
				DEVELOPMENT_ASSET_PATHS = "\"ABNLocationPicker/Preview Content\"";
				ENABLE_PREVIEWS = YES;
				GENERATE_INFOPLIST_FILE = YES;
				INFOPLIST_FILE = ABNLocationPicker/Info.plist;
				INFOPLIST_KEY_UIApplicationSceneManifest_Generation = YES;
				INFOPLIST_KEY_UIApplicationSupportsIndirectInputEvents = YES;
				INFOPLIST_KEY_UILaunchScreen_Generation = YES;
				INFOPLIST_KEY_UISupportedInterfaceOrientations_iPad = "UIInterfaceOrientationPortrait UIInterfaceOrientationPortraitUpsideDown UIInterfaceOrientationLandscapeLeft UIInterfaceOrientationLandscapeRight";
				INFOPLIST_KEY_UISupportedInterfaceOrientations_iPhone = "UIInterfaceOrientationPortrait UIInterfaceOrientationLandscapeLeft UIInterfaceOrientationLandscapeRight";
				LD_RUNPATH_SEARCH_PATHS = (
					"$(inherited)",
					"@executable_path/Frameworks",
				);
				MARKETING_VERSION = 1.0;
				PRODUCT_BUNDLE_IDENTIFIER = com.ivedeneev.ABNLocationPicker;
				PRODUCT_NAME = "$(TARGET_NAME)";
				SWIFT_EMIT_LOC_STRINGS = YES;
				SWIFT_VERSION = 5.0;
				TARGETED_DEVICE_FAMILY = "1,2";
			};
			name = Release;
		};
/* End XCBuildConfiguration section */

/* Begin XCConfigurationList section */
		D62C04562B87941D00F4B8AA /* Build configuration list for PBXNativeTarget "ABNLocationPickerTests" */ = {
			isa = XCConfigurationList;
			buildConfigurations = (
				D62C04572B87941D00F4B8AA /* Debug */,
				D62C04582B87941D00F4B8AA /* Release */,
			);
			defaultConfigurationIsVisible = 0;
			defaultConfigurationName = Release;
		};
		D68515AB2B83D7240048B42A /* Build configuration list for PBXProject "ABNLocationPicker" */ = {
			isa = XCConfigurationList;
			buildConfigurations = (
				D68515BC2B83D7250048B42A /* Debug */,
				D68515BD2B83D7250048B42A /* Release */,
			);
			defaultConfigurationIsVisible = 0;
			defaultConfigurationName = Release;
		};
		D68515BE2B83D7250048B42A /* Build configuration list for PBXNativeTarget "ABNLocationPicker" */ = {
			isa = XCConfigurationList;
			buildConfigurations = (
				D68515BF2B83D7250048B42A /* Debug */,
				D68515C02B83D7250048B42A /* Release */,
			);
			defaultConfigurationIsVisible = 0;
			defaultConfigurationName = Release;
		};
/* End XCConfigurationList section */
	};
	rootObject = D68515A82B83D7240048B42A /* Project object */;
}
